
Microsoft Visual Studio Solution File, Format Version 12.00
# Visual Studio Version 17
VisualStudioVersion = 17.4.33122.133
MinimumVisualStudioVersion = 10.0.40219.1
Project("{FAE04EC0-301F-11D3-BF4B-00C04F79EFBC}") = "Budget", "Budget\Budget.csproj", "{613A1858-3D93-4FD8-9811-58D4F328433A}"
EndProject
Global
	GlobalSection(SolutionConfigurationPlatforms) = preSolution
		Debug|Any CPU = Debug|Any CPU
		Release|Any CPU = Release|Any CPU
	EndGlobalSection
	GlobalSection(ProjectConfigurationPlatforms) = postSolution
		{613A1858-3D93-4FD8-9811-58D4F328433A}.Debug|Any CPU.ActiveCfg = Debug|Any CPU
		{613A1858-3D93-4FD8-9811-58D4F328433A}.Debug|Any CPU.Build.0 = Debug|Any CPU
		{613A1858-3D93-4FD8-9811-58D4F328433A}.Release|Any CPU.ActiveCfg = Release|Any CPU
		{613A1858-3D93-4FD8-9811-58D4F328433A}.Release|Any CPU.Build.0 = Release|Any CPU
	EndGlobalSection
	GlobalSection(SolutionProperties) = preSolution
		HideSolutionNode = FALSE
	EndGlobalSection
	GlobalSection(ExtensibilityGlobals) = postSolution
		SolutionGuid = {4EBDDFA7-4F72-4F60-AF27-294683E797FD}
	EndGlobalSection
EndGlobal
